
Microsoft Visual Studio Solution File, Format Version 12.00
# Visual Studio Version 17
VisualStudioVersion = 17.14.36616.10 d17.14
MinimumVisualStudioVersion = 10.0.40219.1
Project("{FAE04EC0-301F-11D3-BF4B-00C04F79EFBC}") = "OS.Tuto.IdempotentApi", "OS.Tuto.IdempotentApi\OS.Tuto.IdempotentApi.csproj", "{68C223E9-ECD9-46DB-8DD0-F65556E2CC64}"
EndProject
Global
	GlobalSection(SolutionConfigurationPlatforms) = preSolution
		Debug|Any CPU = Debug|Any CPU
		Release|Any CPU = Release|Any CPU
	EndGlobalSection
	GlobalSection(ProjectConfigurationPlatforms) = postSolution
		{68C223E9-ECD9-46DB-8DD0-F65556E2CC64}.Debug|Any CPU.ActiveCfg = Debug|Any CPU
		{68C223E9-ECD9-46DB-8DD0-F65556E2CC64}.Debug|Any CPU.Build.0 = Debug|Any CPU
		{68C223E9-ECD9-46DB-8DD0-F65556E2CC64}.Release|Any CPU.ActiveCfg = Release|Any CPU
		{68C223E9-ECD9-46DB-8DD0-F65556E2CC64}.Release|Any CPU.Build.0 = Release|Any CPU
	EndGlobalSection
	GlobalSection(SolutionProperties) = preSolution
		HideSolutionNode = FALSE
	EndGlobalSection
	GlobalSection(ExtensibilityGlobals) = postSolution
		SolutionGuid = {519449E0-17A3-47AD-A081-08271B6C875F}
	EndGlobalSection
EndGlobal
